
Microsoft Visual Studio Solution File, Format Version 12.00
# Visual Studio Version 16
VisualStudioVersion = 16.0.29905.134
MinimumVisualStudioVersion = 10.0.40219.1
Project("{FAE04EC0-301F-11D3-BF4B-00C04F79EFBC}") = "ApiVersioning", "ApiVersioning\ApiVersioning.csproj", "{CF73B3FC-13C2-4C59-8451-59CC3189BB3B}"
EndProject
Global
	GlobalSection(SolutionConfigurationPlatforms) = preSolution
		Debug|Any CPU = Debug|Any CPU
		Release|Any CPU = Release|Any CPU
	EndGlobalSection
	GlobalSection(ProjectConfigurationPlatforms) = postSolution
		{CF73B3FC-13C2-4C59-8451-59CC3189BB3B}.Debug|Any CPU.ActiveCfg = Debug|Any CPU
		{CF73B3FC-13C2-4C59-8451-59CC3189BB3B}.Debug|Any CPU.Build.0 = Debug|Any CPU
		{CF73B3FC-13C2-4C59-8451-59CC3189BB3B}.Release|Any CPU.ActiveCfg = Release|Any CPU
		{CF73B3FC-13C2-4C59-8451-59CC3189BB3B}.Release|Any CPU.Build.0 = Release|Any CPU
	EndGlobalSection
	GlobalSection(SolutionProperties) = preSolution
		HideSolutionNode = FALSE
	EndGlobalSection
	GlobalSection(ExtensibilityGlobals) = postSolution
		SolutionGuid = {DBC8E6F3-AD44-40FB-93D2-AC8C0B0F166A}
	EndGlobalSection
EndGlobal
